
Microsoft Visual Studio Solution File, Format Version 12.00
# Visual Studio 2013
VisualStudioVersion = 12.0.40629.0
MinimumVisualStudioVersion = 10.0.40219.1
Project("{FAE04EC0-301F-11D3-BF4B-00C04F79EFBC}") = "001读取图片", "001读取图片\001读取图片.csproj", "{C59EEF7E-AC31-422B-8F3D-46DA00F87F63}"
EndProject
Project("{FAE04EC0-301F-11D3-BF4B-00C04F79EFBC}") = "002计算瓶盖面积", "002计算瓶盖面积\002计算瓶盖面积.csproj", "{4D59B888-9FE2-46A9-A399-FD29C63764EB}"
EndProject
Project("{FAE04EC0-301F-11D3-BF4B-00C04F79EFBC}") = "003图片处理", "003图片处理\003图片处理.csproj", "{2D126F16-7EE6-4C93-A9A7-B55D72E4A356}"
EndProject
Global
	GlobalSection(SolutionConfigurationPlatforms) = preSolution
		Debug|Any CPU = Debug|Any CPU
		Release|Any CPU = Release|Any CPU
	EndGlobalSection
	GlobalSection(ProjectConfigurationPlatforms) = postSolution
		{C59EEF7E-AC31-422B-8F3D-46DA00F87F63}.Debug|Any CPU.ActiveCfg = Debug|Any CPU
		{C59EEF7E-AC31-422B-8F3D-46DA00F87F63}.Debug|Any CPU.Build.0 = Debug|Any CPU
		{C59EEF7E-AC31-422B-8F3D-46DA00F87F63}.Release|Any CPU.ActiveCfg = Release|Any CPU
		{C59EEF7E-AC31-422B-8F3D-46DA00F87F63}.Release|Any CPU.Build.0 = Release|Any CPU
		{4D59B888-9FE2-46A9-A399-FD29C63764EB}.Debug|Any CPU.ActiveCfg = Debug|Any CPU
		{4D59B888-9FE2-46A9-A399-FD29C63764EB}.Debug|Any CPU.Build.0 = Debug|Any CPU
		{4D59B888-9FE2-46A9-A399-FD29C63764EB}.Release|Any CPU.ActiveCfg = Release|Any CPU
		{4D59B888-9FE2-46A9-A399-FD29C63764EB}.Release|Any CPU.Build.0 = Release|Any CPU
		{2D126F16-7EE6-4C93-A9A7-B55D72E4A356}.Debug|Any CPU.ActiveCfg = Debug|Any CPU
		{2D126F16-7EE6-4C93-A9A7-B55D72E4A356}.Debug|Any CPU.Build.0 = Debug|Any CPU
		{2D126F16-7EE6-4C93-A9A7-B55D72E4A356}.Release|Any CPU.ActiveCfg = Release|Any CPU
		{2D126F16-7EE6-4C93-A9A7-B55D72E4A356}.Release|Any CPU.Build.0 = Release|Any CPU
	EndGlobalSection
	GlobalSection(SolutionProperties) = preSolution
		HideSolutionNode = FALSE
	EndGlobalSection
EndGlobal
